<?xml version="1.0" encoding="utf-8"?>
<Project ToolsVersion="4.0" xmlns="http://schemas.microsoft.com/developer/msbuild/2003">
  <ItemGroup>
    <Filter Include="Kaynak Dosyalar">
      <UniqueIdentifier>{4FC737F1-C7A5-4376-A066-2A32D752A2FF}</UniqueIdentifier>
      <Extensions>cpp;c;cc;cxx;c++;cppm;ixx;def;odl;idl;hpj;bat;asm;asmx</Extensions>
    </Filter>
    <Filter Include="Üst Bilgi Dosyaları">
      <UniqueIdentifier>{93995380-89BD-4b04-88EB-625FBE52EBFB}</UniqueIdentifier>
      <Extensions>h;hh;hpp;hxx;h++;hm;inl;inc;ipp;xsd</Extensions>
    </Filter>
    <Filter Include="Kaynak Dosyaları">
      <UniqueIdentifier>{67DA6AB6-F800-4c08-8B7A-83BB121AAD01}</UniqueIdentifier>
      <Extensions>rc;ico;cur;bmp;dlg;rc2;rct;bin;rgs;gif;jpg;jpeg;jpe;resx;tiff;tif;png;wav;mfcribbon-ms</Extensions>
    </Filter>
  </ItemGroup>
  <ItemGroup>
    <ClInclude Include="Electives.h">
      <Filter>Üst Bilgi Dosyaları</Filter>
    </ClInclude>
    <ClInclude Include="LanguageCourses.h">
      <Filter>Üst Bilgi Dosyaları</Filter>
    </ClInclude>
    <ClInclude Include="OnlineCourse.h">
      <Filter>Üst Bilgi Dosyaları</Filter>
    </ClInclude>
    <ClInclude Include="ProfessionalCourses.h">
      <Filter>Üst Bilgi Dosyaları</Filter>
    </ClInclude>
    <ClInclude Include="SoftwareCourses.h">
      <Filter>Üst Bilgi Dosyaları</Filter>
    </ClInclude>
    <ClInclude Include="Preprocessor.h">
      <Filter>Üst Bilgi Dosyaları</Filter>
    </ClInclude>
    <ClInclude Include="Functions.h">
      <Filter>Üst Bilgi Dosyaları</Filter>
    </ClInclude>
    <ClInclude Include="Student.h">
      <Filter>Üst Bilgi Dosyaları</Filter>
    </ClInclude>
    <ClInclude Include="Cart.h">
      <Filter>Üst Bilgi Dosyaları</Filter>
    </ClInclude>
  </ItemGroup>
  <ItemGroup>
    <ClCompile Include="Electives.cpp">
      <Filter>Üst Bilgi Dosyaları</Filter>
    </ClCompile>
    <ClCompile Include="LanguageCourses.cpp">
      <Filter>Üst Bilgi Dosyaları</Filter>
    </ClCompile>
    <ClCompile Include="OnlineCourse.cpp">
      <Filter>Üst Bilgi Dosyaları</Filter>
    </ClCompile>
    <ClCompile Include="ProfessionalCourses.cpp">
      <Filter>Üst Bilgi Dosyaları</Filter>
    </ClCompile>
    <ClCompile Include="SoftwareCourses.cpp">
      <Filter>Üst Bilgi Dosyaları</Filter>
    </ClCompile>
    <ClCompile Include="Source.cpp">
      <Filter>Kaynak Dosyaları</Filter>
    </ClCompile>
    <ClCompile Include="Functions.cpp">
      <Filter>Üst Bilgi Dosyaları</Filter>
    </ClCompile>
    <ClCompile Include="Student.cpp">
      <Filter>Üst Bilgi Dosyaları</Filter>
    </ClCompile>
    <ClCompile Include="Cart.cpp">
      <Filter>Üst Bilgi Dosyaları</Filter>
    </ClCompile>
  </ItemGroup>
</Project>